
Microsoft Visual Studio Solution File, Format Version 12.00
# Visual Studio Version 17
VisualStudioVersion = 17.2.32505.173
MinimumVisualStudioVersion = 10.0.40219.1
Project("{FAE04EC0-301F-11D3-BF4B-00C04F79EFBC}") = "PhoneBookConsole", "PhoneBookConsole\PhoneBookConsole.csproj", "{A076F10B-72A6-4AD9-8FE2-D54A17B4E1DD}"
EndProject
Global
	GlobalSection(SolutionConfigurationPlatforms) = preSolution
		Debug|Any CPU = Debug|Any CPU
		Release|Any CPU = Release|Any CPU
	EndGlobalSection
	GlobalSection(ProjectConfigurationPlatforms) = postSolution
		{A076F10B-72A6-4AD9-8FE2-D54A17B4E1DD}.Debug|Any CPU.ActiveCfg = Debug|Any CPU
		{A076F10B-72A6-4AD9-8FE2-D54A17B4E1DD}.Debug|Any CPU.Build.0 = Debug|Any CPU
		{A076F10B-72A6-4AD9-8FE2-D54A17B4E1DD}.Release|Any CPU.ActiveCfg = Release|Any CPU
		{A076F10B-72A6-4AD9-8FE2-D54A17B4E1DD}.Release|Any CPU.Build.0 = Release|Any CPU
	EndGlobalSection
	GlobalSection(SolutionProperties) = preSolution
		HideSolutionNode = FALSE
	EndGlobalSection
	GlobalSection(ExtensibilityGlobals) = postSolution
		SolutionGuid = {78008E85-9A14-4F46-B85E-C201205AE628}
	EndGlobalSection
EndGlobal
